
Microsoft Visual Studio Solution File, Format Version 12.00
# Visual Studio Version 16
VisualStudioVersion = 16.0.30204.135
MinimumVisualStudioVersion = 10.0.40219.1
Project("{FAE04EC0-301F-11D3-BF4B-00C04F79EFBC}") = "Ladd.PMNSelentium", "Ladd.PMNSelentium\Ladd.PMNSelentium.csproj", "{39B785EC-6AAD-4A03-AAF6-314413E5CAC4}"
EndProject
Global
	GlobalSection(SolutionConfigurationPlatforms) = preSolution
		Debug|Any CPU = Debug|Any CPU
		Release|Any CPU = Release|Any CPU
	EndGlobalSection
	GlobalSection(ProjectConfigurationPlatforms) = postSolution
		{39B785EC-6AAD-4A03-AAF6-314413E5CAC4}.Debug|Any CPU.ActiveCfg = Debug|Any CPU
		{39B785EC-6AAD-4A03-AAF6-314413E5CAC4}.Debug|Any CPU.Build.0 = Debug|Any CPU
		{39B785EC-6AAD-4A03-AAF6-314413E5CAC4}.Release|Any CPU.ActiveCfg = Release|Any CPU
		{39B785EC-6AAD-4A03-AAF6-314413E5CAC4}.Release|Any CPU.Build.0 = Release|Any CPU
	EndGlobalSection
	GlobalSection(SolutionProperties) = preSolution
		HideSolutionNode = FALSE
	EndGlobalSection
	GlobalSection(ExtensibilityGlobals) = postSolution
		SolutionGuid = {CE2C6D19-A9DC-4544-B55F-7D633C98E4D4}
	EndGlobalSection
EndGlobal
